// !$*UTF8*$!
{
	archiveVersion = 1;
	classes = {
	};
	objectVersion = 56;
	objects = {

/* Begin PBXBuildFile section */
		3FAD7E112950611E004CDBE2 /* AppDelegate.swift in Sources */ = {isa = PBXBuildFile; fileRef = 3FAD7E102950611E004CDBE2 /* AppDelegate.swift */; };
		3FAD7E132950611E004CDBE2 /* ViewController.swift in Sources */ = {isa = PBXBuildFile; fileRef = 3FAD7E122950611E004CDBE2 /* ViewController.swift */; };
		3FAD7E1529506121004CDBE2 /* Assets.xcassets in Resources */ = {isa = PBXBuildFile; fileRef = 3FAD7E1429506121004CDBE2 /* Assets.xcassets */; };
		3FAD7E1829506121004CDBE2 /* Main.storyboard in Resources */ = {isa = PBXBuildFile; fileRef = 3FAD7E1629506121004CDBE2 /* Main.storyboard */; };
		3FAD7E2329506121004CDBE2 /* Password_GeneratorTests.swift in Sources */ = {isa = PBXBuildFile; fileRef = 3FAD7E2229506121004CDBE2 /* Password_GeneratorTests.swift */; };
		3FAD7E2D29506121004CDBE2 /* Password_GeneratorUITests.swift in Sources */ = {isa = PBXBuildFile; fileRef = 3FAD7E2C29506121004CDBE2 /* Password_GeneratorUITests.swift */; };
		3FAD7E2F29506121004CDBE2 /* Password_GeneratorUITestsLaunchTests.swift in Sources */ = {isa = PBXBuildFile; fileRef = 3FAD7E2E29506121004CDBE2 /* Password_GeneratorUITestsLaunchTests.swift */; };
/* End PBXBuildFile section */

/* Begin PBXContainerItemProxy section */
		3FAD7E1F29506121004CDBE2 /* PBXContainerItemProxy */ = {
			isa = PBXContainerItemProxy;
			containerPortal = 3FAD7E052950611E004CDBE2 /* Project object */;
			proxyType = 1;
			remoteGlobalIDString = 3FAD7E0C2950611E004CDBE2;
			remoteInfo = "Password Generator";
		};
		3FAD7E2929506121004CDBE2 /* PBXContainerItemProxy */ = {
			isa = PBXContainerItemProxy;
			containerPortal = 3FAD7E052950611E004CDBE2 /* Project object */;
			proxyType = 1;
			remoteGlobalIDString = 3FAD7E0C2950611E004CDBE2;
			remoteInfo = "Password Generator";
		};
/* End PBXContainerItemProxy section */

/* Begin PBXFileReference section */
		3FAD7E0D2950611E004CDBE2 /* Password Generator.app */ = {isa = PBXFileReference; explicitFileType = wrapper.application; includeInIndex = 0; path = "Password Generator.app"; sourceTree = BUILT_PRODUCTS_DIR; };
		3FAD7E102950611E004CDBE2 /* AppDelegate.swift */ = {isa = PBXFileReference; lastKnownFileType = sourcecode.swift; path = AppDelegate.swift; sourceTree = "<group>"; };
		3FAD7E122950611E004CDBE2 /* ViewController.swift */ = {isa = PBXFileReference; lastKnownFileType = sourcecode.swift; path = ViewController.swift; sourceTree = "<group>"; };
		3FAD7E1429506121004CDBE2 /* Assets.xcassets */ = {isa = PBXFileReference; lastKnownFileType = folder.assetcatalog; path = Assets.xcassets; sourceTree = "<group>"; };
		3FAD7E1729506121004CDBE2 /* Base */ = {isa = PBXFileReference; lastKnownFileType = file.storyboard; name = Base; path = Base.lproj/Main.storyboard; sourceTree = "<group>"; };
		3FAD7E1929506121004CDBE2 /* Password_Generator.entitlements */ = {isa = PBXFileReference; lastKnownFileType = text.plist.entitlements; path = Password_Generator.entitlements; sourceTree = "<group>"; };
		3FAD7E1E29506121004CDBE2 /* Password GeneratorTests.xctest */ = {isa = PBXFileReference; explicitFileType = wrapper.cfbundle; includeInIndex = 0; path = "Password GeneratorTests.xctest"; sourceTree = BUILT_PRODUCTS_DIR; };
		3FAD7E2229506121004CDBE2 /* Password_GeneratorTests.swift */ = {isa = PBXFileReference; lastKnownFileType = sourcecode.swift; path = Password_GeneratorTests.swift; sourceTree = "<group>"; };
		3FAD7E2829506121004CDBE2 /* Password GeneratorUITests.xctest */ = {isa = PBXFileReference; explicitFileType = wrapper.cfbundle; includeInIndex = 0; path = "Password GeneratorUITests.xctest"; sourceTree = BUILT_PRODUCTS_DIR; };
		3FAD7E2C29506121004CDBE2 /* Password_GeneratorUITests.swift */ = {isa = PBXFileReference; lastKnownFileType = sourcecode.swift; path = Password_GeneratorUITests.swift; sourceTree = "<group>"; };
		3FAD7E2E29506121004CDBE2 /* Password_GeneratorUITestsLaunchTests.swift */ = {isa = PBXFileReference; lastKnownFileType = sourcecode.swift; path = Password_GeneratorUITestsLaunchTests.swift; sourceTree = "<group>"; };
/* End PBXFileReference section */

/* Begin PBXFrameworksBuildPhase section */
		3FAD7E0A2950611E004CDBE2 /* Frameworks */ = {
			isa = PBXFrameworksBuildPhase;
			buildActionMask = 2147483647;
			files = (
			);
			runOnlyForDeploymentPostprocessing = 0;
		};
		3FAD7E1B29506121004CDBE2 /* Frameworks */ = {
			isa = PBXFrameworksBuildPhase;
			buildActionMask = 2147483647;
			files = (
			);
			runOnlyForDeploymentPostprocessing = 0;
		};
		3FAD7E2529506121004CDBE2 /* Frameworks */ = {
			isa = PBXFrameworksBuildPhase;
			buildActionMask = 2147483647;
			files = (
			);
			runOnlyForDeploymentPostprocessing = 0;
		};
/* End PBXFrameworksBuildPhase section */

/* Begin PBXGroup section */
		3FAD7E042950611E004CDBE2 = {
			isa = PBXGroup;
			children = (
				3FAD7E0F2950611E004CDBE2 /* Password Generator */,
				3FAD7E2129506121004CDBE2 /* Password GeneratorTests */,
				3FAD7E2B29506121004CDBE2 /* Password GeneratorUITests */,
				3FAD7E0E2950611E004CDBE2 /* Products */,
			);
			sourceTree = "<group>";
		};
		3FAD7E0E2950611E004CDBE2 /* Products */ = {
			isa = PBXGroup;
			children = (
				3FAD7E0D2950611E004CDBE2 /* Password Generator.app */,
				3FAD7E1E29506121004CDBE2 /* Password GeneratorTests.xctest */,
				3FAD7E2829506121004CDBE2 /* Password GeneratorUITests.xctest */,
			);
			name = Products;
			sourceTree = "<group>";
		};
		3FAD7E0F2950611E004CDBE2 /* Password Generator */ = {
			isa = PBXGroup;
			children = (
				3FAD7E102950611E004CDBE2 /* AppDelegate.swift */,
				3FAD7E122950611E004CDBE2 /* ViewController.swift */,
				3FAD7E1429506121004CDBE2 /* Assets.xcassets */,
				3FAD7E1629506121004CDBE2 /* Main.storyboard */,
				3FAD7E1929506121004CDBE2 /* Password_Generator.entitlements */,
			);
			path = "Password Generator";
			sourceTree = "<group>";
		};
		3FAD7E2129506121004CDBE2 /* Password GeneratorTests */ = {
			isa = PBXGroup;
			children = (
				3FAD7E2229506121004CDBE2 /* Password_GeneratorTests.swift */,
			);
			path = "Password GeneratorTests";
			sourceTree = "<group>";
		};
		3FAD7E2B29506121004CDBE2 /* Password GeneratorUITests */ = {
			isa = PBXGroup;
			children = (
				3FAD7E2C29506121004CDBE2 /* Password_GeneratorUITests.swift */,
				3FAD7E2E29506121004CDBE2 /* Password_GeneratorUITestsLaunchTests.swift */,
			);
			path = "Password GeneratorUITests";
			sourceTree = "<group>";
		};
/* End PBXGroup section */

/* Begin PBXNativeTarget section */
		3FAD7E0C2950611E004CDBE2 /* Password Generator */ = {
			isa = PBXNativeTarget;
			buildConfigurationList = 3FAD7E3229506121004CDBE2 /* Build configuration list for PBXNativeTarget "Password Generator" */;
			buildPhases = (
				3FAD7E092950611E004CDBE2 /* Sources */,
				3FAD7E0A2950611E004CDBE2 /* Frameworks */,
				3FAD7E0B2950611E004CDBE2 /* Resources */,
			);
			buildRules = (
			);
			dependencies = (
			);
			name = "Password Generator";
			productName = "Password Generator";
			productReference = 3FAD7E0D2950611E004CDBE2 /* Password Generator.app */;
			productType = "com.apple.product-type.application";
		};
		3FAD7E1D29506121004CDBE2 /* Password GeneratorTests */ = {
			isa = PBXNativeTarget;
			buildConfigurationList = 3FAD7E3529506121004CDBE2 /* Build configuration list for PBXNativeTarget "Password GeneratorTests" */;
			buildPhases = (
				3FAD7E1A29506121004CDBE2 /* Sources */,
				3FAD7E1B29506121004CDBE2 /* Frameworks */,
				3FAD7E1C29506121004CDBE2 /* Resources */,
			);
			buildRules = (
			);
			dependencies = (
				3FAD7E2029506121004CDBE2 /* PBXTargetDependency */,
			);
			name = "Password GeneratorTests";
			productName = "Password GeneratorTests";
			productReference = 3FAD7E1E29506121004CDBE2 /* Password GeneratorTests.xctest */;
			productType = "com.apple.product-type.bundle.unit-test";
		};
		3FAD7E2729506121004CDBE2 /* Password GeneratorUITests */ = {
			isa = PBXNativeTarget;
			buildConfigurationList = 3FAD7E3829506121004CDBE2 /* Build configuration list for PBXNativeTarget "Password GeneratorUITests" */;
			buildPhases = (
				3FAD7E2429506121004CDBE2 /* Sources */,
				3FAD7E2529506121004CDBE2 /* Frameworks */,
				3FAD7E2629506121004CDBE2 /* Resources */,
			);
			buildRules = (
			);
			dependencies = (
				3FAD7E2A29506121004CDBE2 /* PBXTargetDependency */,
			);
			name = "Password GeneratorUITests";
			productName = "Password GeneratorUITests";
			productReference = 3FAD7E2829506121004CDBE2 /* Password GeneratorUITests.xctest */;
			productType = "com.apple.product-type.bundle.ui-testing";
		};
/* End PBXNativeTarget section */

/* Begin PBXProject section */
		3FAD7E052950611E004CDBE2 /* Project object */ = {
			isa = PBXProject;
			attributes = {
				BuildIndependentTargetsInParallel = 1;
				LastSwiftUpdateCheck = 1420;
				LastUpgradeCheck = 1420;
				TargetAttributes = {
					3FAD7E0C2950611E004CDBE2 = {
						CreatedOnToolsVersion = 14.2;
					};
					3FAD7E1D29506121004CDBE2 = {
						CreatedOnToolsVersion = 14.2;
						TestTargetID = 3FAD7E0C2950611E004CDBE2;
					};
					3FAD7E2729506121004CDBE2 = {
						CreatedOnToolsVersion = 14.2;
						TestTargetID = 3FAD7E0C2950611E004CDBE2;
					};
				};
			};
			buildConfigurationList = 3FAD7E082950611E004CDBE2 /* Build configuration list for PBXProject "Password Generator" */;
			compatibilityVersion = "Xcode 14.0";
			developmentRegion = en;
			hasScannedForEncodings = 0;
			knownRegions = (
				en,
				Base,
			);
			mainGroup = 3FAD7E042950611E004CDBE2;
			productRefGroup = 3FAD7E0E2950611E004CDBE2 /* Products */;
			projectDirPath = "";
			projectRoot = "";
			targets = (
				3FAD7E0C2950611E004CDBE2 /* Password Generator */,
				3FAD7E1D29506121004CDBE2 /* Password GeneratorTests */,
				3FAD7E2729506121004CDBE2 /* Password GeneratorUITests */,
			);
		};
/* End PBXProject section */

/* Begin PBXResourcesBuildPhase section */
		3FAD7E0B2950611E004CDBE2 /* Resources */ = {
			isa = PBXResourcesBuildPhase;
			buildActionMask = 2147483647;
			files = (
				3FAD7E1529506121004CDBE2 /* Assets.xcassets in Resources */,
				3FAD7E1829506121004CDBE2 /* Main.storyboard in Resources */,
			);
			runOnlyForDeploymentPostprocessing = 0;
		};
		3FAD7E1C29506121004CDBE2 /* Resources */ = {
			isa = PBXResourcesBuildPhase;
			buildActionMask = 2147483647;
			files = (
			);
			runOnlyForDeploymentPostprocessing = 0;
		};
		3FAD7E2629506121004CDBE2 /* Resources */ = {
			isa = PBXResourcesBuildPhase;
			buildActionMask = 2147483647;
			files = (
			);
			runOnlyForDeploymentPostprocessing = 0;
		};
/* End PBXResourcesBuildPhase section */

/* Begin PBXSourcesBuildPhase section */
		3FAD7E092950611E004CDBE2 /* Sources */ = {
			isa = PBXSourcesBuildPhase;
			buildActionMask = 2147483647;
			files = (
				3FAD7E132950611E004CDBE2 /* ViewController.swift in Sources */,
				3FAD7E112950611E004CDBE2 /* AppDelegate.swift in Sources */,
			);
			runOnlyForDeploymentPostprocessing = 0;
		};
		3FAD7E1A29506121004CDBE2 /* Sources */ = {
			isa = PBXSourcesBuildPhase;
			buildActionMask = 2147483647;
			files = (
				3FAD7E2329506121004CDBE2 /* Password_GeneratorTests.swift in Sources */,
			);
			runOnlyForDeploymentPostprocessing = 0;
		};
		3FAD7E2429506121004CDBE2 /* Sources */ = {
			isa = PBXSourcesBuildPhase;
			buildActionMask = 2147483647;
			files = (
				3FAD7E2D29506121004CDBE2 /* Password_GeneratorUITests.swift in Sources */,
				3FAD7E2F29506121004CDBE2 /* Password_GeneratorUITestsLaunchTests.swift in Sources */,
			);
			runOnlyForDeploymentPostprocessing = 0;
		};
/* End PBXSourcesBuildPhase section */

/* Begin PBXTargetDependency section */
		3FAD7E2029506121004CDBE2 /* PBXTargetDependency */ = {
			isa = PBXTargetDependency;
			target = 3FAD7E0C2950611E004CDBE2 /* Password Generator */;
			targetProxy = 3FAD7E1F29506121004CDBE2 /* PBXContainerItemProxy */;
		};
		3FAD7E2A29506121004CDBE2 /* PBXTargetDependency */ = {
			isa = PBXTargetDependency;
			target = 3FAD7E0C2950611E004CDBE2 /* Password Generator */;
			targetProxy = 3FAD7E2929506121004CDBE2 /* PBXContainerItemProxy */;
		};
/* End PBXTargetDependency section */

/* Begin PBXVariantGroup section */
		3FAD7E1629506121004CDBE2 /* Main.storyboard */ = {
			isa = PBXVariantGroup;
			children = (
				3FAD7E1729506121004CDBE2 /* Base */,
			);
			name = Main.storyboard;
			sourceTree = "<group>";
		};
/* End PBXVariantGroup section */

/* Begin XCBuildConfiguration section */
		3FAD7E3029506121004CDBE2 /* Debug */ = {
			isa = XCBuildConfiguration;
			buildSettings = {
				ALWAYS_SEARCH_USER_PATHS = NO;
				CLANG_ANALYZER_NONNULL = YES;
				CLANG_ANALYZER_NUMBER_OBJECT_CONVERSION = YES_AGGRESSIVE;
				CLANG_CXX_LANGUAGE_STANDARD = "gnu++20";
				CLANG_ENABLE_MODULES = YES;
				CLANG_ENABLE_OBJC_ARC = YES;
				CLANG_ENABLE_OBJC_WEAK = YES;
				CLANG_WARN_BLOCK_CAPTURE_AUTORELEASING = YES;
				CLANG_WARN_BOOL_CONVERSION = YES;
				CLANG_WARN_COMMA = YES;
				CLANG_WARN_CONSTANT_CONVERSION = YES;
				CLANG_WARN_DEPRECATED_OBJC_IMPLEMENTATIONS = YES;
				CLANG_WARN_DIRECT_OBJC_ISA_USAGE = YES_ERROR;
				CLANG_WARN_DOCUMENTATION_COMMENTS = YES;
				CLANG_WARN_EMPTY_BODY = YES;
				CLANG_WARN_ENUM_CONVERSION = YES;
				CLANG_WARN_INFINITE_RECURSION = YES;
				CLANG_WARN_INT_CONVERSION = YES;
				CLANG_WARN_NON_LITERAL_NULL_CONVERSION = YES;
				CLANG_WARN_OBJC_IMPLICIT_RETAIN_SELF = YES;
				CLANG_WARN_OBJC_LITERAL_CONVERSION = YES;
				CLANG_WARN_OBJC_ROOT_CLASS = YES_ERROR;
				CLANG_WARN_QUOTED_INCLUDE_IN_FRAMEWORK_HEADER = YES;
				CLANG_WARN_RANGE_LOOP_ANALYSIS = YES;
				CLANG_WARN_STRICT_PROTOTYPES = YES;
				CLANG_WARN_SUSPICIOUS_MOVE = YES;
				CLANG_WARN_UNGUARDED_AVAILABILITY = YES_AGGRESSIVE;
				CLANG_WARN_UNREACHABLE_CODE = YES;
				CLANG_WARN__DUPLICATE_METHOD_MATCH = YES;
				COPY_PHASE_STRIP = NO;
				DEBUG_INFORMATION_FORMAT = dwarf;
				ENABLE_STRICT_OBJC_MSGSEND = YES;
				ENABLE_TESTABILITY = YES;
				GCC_C_LANGUAGE_STANDARD = gnu11;
				GCC_DYNAMIC_NO_PIC = NO;
				GCC_NO_COMMON_BLOCKS = YES;
				GCC_OPTIMIZATION_LEVEL = 0;
				GCC_PREPROCESSOR_DEFINITIONS = (
					"DEBUG=1",
					"$(inherited)",
				);
				GCC_WARN_64_TO_32_BIT_CONVERSION = YES;
				GCC_WARN_ABOUT_RETURN_TYPE = YES_ERROR;
				GCC_WARN_UNDECLARED_SELECTOR = YES;
				GCC_WARN_UNINITIALIZED_AUTOS = YES_AGGRESSIVE;
				GCC_WARN_UNUSED_FUNCTION = YES;
				GCC_WARN_UNUSED_VARIABLE = YES;
				MACOSX_DEPLOYMENT_TARGET = 13.0;
				MTL_ENABLE_DEBUG_INFO = INCLUDE_SOURCE;
				MTL_FAST_MATH = YES;
				ONLY_ACTIVE_ARCH = YES;
				SDKROOT = macosx;
				SWIFT_ACTIVE_COMPILATION_CONDITIONS = DEBUG;
				SWIFT_OPTIMIZATION_LEVEL = "-Onone";
			};
			name = Debug;
		};
		3FAD7E3129506121004CDBE2 /* Release */ = {
			isa = XCBuildConfiguration;
			buildSettings = {
				ALWAYS_SEARCH_USER_PATHS = NO;
				CLANG_ANALYZER_NONNULL = YES;
				CLANG_ANALYZER_NUMBER_OBJECT_CONVERSION = YES_AGGRESSIVE;
				CLANG_CXX_LANGUAGE_STANDARD = "gnu++20";
				CLANG_ENABLE_MODULES = YES;
				CLANG_ENABLE_OBJC_ARC = YES;
				CLANG_ENABLE_OBJC_WEAK = YES;
				CLANG_WARN_BLOCK_CAPTURE_AUTORELEASING = YES;
				CLANG_WARN_BOOL_CONVERSION = YES;
				CLANG_WARN_COMMA = YES;
				CLANG_WARN_CONSTANT_CONVERSION = YES;
				CLANG_WARN_DEPRECATED_OBJC_IMPLEMENTATIONS = YES;
				CLANG_WARN_DIRECT_OBJC_ISA_USAGE = YES_ERROR;
				CLANG_WARN_DOCUMENTATION_COMMENTS = YES;
				CLANG_WARN_EMPTY_BODY = YES;
				CLANG_WARN_ENUM_CONVERSION = YES;
				CLANG_WARN_INFINITE_RECURSION = YES;
				CLANG_WARN_INT_CONVERSION = YES;
				CLANG_WARN_NON_LITERAL_NULL_CONVERSION = YES;
				CLANG_WARN_OBJC_IMPLICIT_RETAIN_SELF = YES;
				CLANG_WARN_OBJC_LITERAL_CONVERSION = YES;
				CLANG_WARN_OBJC_ROOT_CLASS = YES_ERROR;
				CLANG_WARN_QUOTED_INCLUDE_IN_FRAMEWORK_HEADER = YES;
				CLANG_WARN_RANGE_LOOP_ANALYSIS = YES;
				CLANG_WARN_STRICT_PROTOTYPES = YES;
				CLANG_WARN_SUSPICIOUS_MOVE = YES;
				CLANG_WARN_UNGUARDED_AVAILABILITY = YES_AGGRESSIVE;
				CLANG_WARN_UNREACHABLE_CODE = YES;
				CLANG_WARN__DUPLICATE_METHOD_MATCH = YES;
				COPY_PHASE_STRIP = NO;
				DEBUG_INFORMATION_FORMAT = "dwarf-with-dsym";
				ENABLE_NS_ASSERTIONS = NO;
				ENABLE_STRICT_OBJC_MSGSEND = YES;
				GCC_C_LANGUAGE_STANDARD = gnu11;
				GCC_NO_COMMON_BLOCKS = YES;
				GCC_WARN_64_TO_32_BIT_CONVERSION = YES;
				GCC_WARN_ABOUT_RETURN_TYPE = YES_ERROR;
				GCC_WARN_UNDECLARED_SELECTOR = YES;
				GCC_WARN_UNINITIALIZED_AUTOS = YES_AGGRESSIVE;
				GCC_WARN_UNUSED_FUNCTION = YES;
				GCC_WARN_UNUSED_VARIABLE = YES;
				MACOSX_DEPLOYMENT_TARGET = 13.0;
				MTL_ENABLE_DEBUG_INFO = NO;
				MTL_FAST_MATH = YES;
				SDKROOT = macosx;
				SWIFT_COMPILATION_MODE = wholemodule;
				SWIFT_OPTIMIZATION_LEVEL = "-O";
			};
			name = Release;
		};
		3FAD7E3329506121004CDBE2 /* Debug */ = {
			isa = XCBuildConfiguration;
			buildSettings = {
				ASSETCATALOG_COMPILER_APPICON_NAME = AppIcon;
				ASSETCATALOG_COMPILER_GLOBAL_ACCENT_COLOR_NAME = AccentColor;
				CODE_SIGN_ENTITLEMENTS = "Password Generator/Password_Generator.entitlements";
				CODE_SIGN_STYLE = Automatic;
				COMBINE_HIDPI_IMAGES = YES;
				CURRENT_PROJECT_VERSION = 1;
				DEVELOPMENT_TEAM = 9W9M3JPL7S;
				ENABLE_HARDENED_RUNTIME = YES;
				GENERATE_INFOPLIST_FILE = YES;
				INFOPLIST_KEY_NSHumanReadableCopyright = "";
				INFOPLIST_KEY_NSMainStoryboardFile = Main;
				INFOPLIST_KEY_NSPrincipalClass = NSApplication;
				LD_RUNPATH_SEARCH_PATHS = (
					"$(inherited)",
					"@executable_path/../Frameworks",
				);
				MARKETING_VERSION = 1.0;
				PRODUCT_BUNDLE_IDENTIFIER = "Aamer-Essa.Password-Generator";
				PRODUCT_NAME = "$(TARGET_NAME)";
				SWIFT_EMIT_LOC_STRINGS = YES;
				SWIFT_VERSION = 5.0;
			};
			name = Debug;
		};
		3FAD7E3429506121004CDBE2 /* Release */ = {
			isa = XCBuildConfiguration;
			buildSettings = {
				ASSETCATALOG_COMPILER_APPICON_NAME = AppIcon;
				ASSETCATALOG_COMPILER_GLOBAL_ACCENT_COLOR_NAME = AccentColor;
				CODE_SIGN_ENTITLEMENTS = "Password Generator/Password_Generator.entitlements";
				CODE_SIGN_STYLE = Automatic;
				COMBINE_HIDPI_IMAGES = YES;
				CURRENT_PROJECT_VERSION = 1;
				DEVELOPMENT_TEAM = 9W9M3JPL7S;
				ENABLE_HARDENED_RUNTIME = YES;
				GENERATE_INFOPLIST_FILE = YES;
				INFOPLIST_KEY_NSHumanReadableCopyright = "";
				INFOPLIST_KEY_NSMainStoryboardFile = Main;
				INFOPLIST_KEY_NSPrincipalClass = NSApplication;
				LD_RUNPATH_SEARCH_PATHS = (
					"$(inherited)",
					"@executable_path/../Frameworks",
				);
				MARKETING_VERSION = 1.0;
				PRODUCT_BUNDLE_IDENTIFIER = "Aamer-Essa.Password-Generator";
				PRODUCT_NAME = "$(TARGET_NAME)";
				SWIFT_EMIT_LOC_STRINGS = YES;
				SWIFT_VERSION = 5.0;
			};
			name = Release;
		};
		3FAD7E3629506121004CDBE2 /* Debug */ = {
			isa = XCBuildConfiguration;
			buildSettings = {
				ALWAYS_EMBED_SWIFT_STANDARD_LIBRARIES = YES;
				BUNDLE_LOADER = "$(TEST_HOST)";
				CODE_SIGN_STYLE = Automatic;
				CURRENT_PROJECT_VERSION = 1;
				DEVELOPMENT_TEAM = 9W9M3JPL7S;
				GENERATE_INFOPLIST_FILE = YES;
				MACOSX_DEPLOYMENT_TARGET = 13.0;
				MARKETING_VERSION = 1.0;
				PRODUCT_BUNDLE_IDENTIFIER = "Aamer-Essa.Password-GeneratorTests";
				PRODUCT_NAME = "$(TARGET_NAME)";
				SWIFT_EMIT_LOC_STRINGS = NO;
				SWIFT_VERSION = 5.0;
				TEST_HOST = "$(BUILT_PRODUCTS_DIR)/Password Generator.app/$(BUNDLE_EXECUTABLE_FOLDER_PATH)/Password Generator";
			};
			name = Debug;
		};
		3FAD7E3729506121004CDBE2 /* Release */ = {
			isa = XCBuildConfiguration;
			buildSettings = {
				ALWAYS_EMBED_SWIFT_STANDARD_LIBRARIES = YES;
				BUNDLE_LOADER = "$(TEST_HOST)";
				CODE_SIGN_STYLE = Automatic;
				CURRENT_PROJECT_VERSION = 1;
				DEVELOPMENT_TEAM = 9W9M3JPL7S;
				GENERATE_INFOPLIST_FILE = YES;
				MACOSX_DEPLOYMENT_TARGET = 13.0;
				MARKETING_VERSION = 1.0;
				PRODUCT_BUNDLE_IDENTIFIER = "Aamer-Essa.Password-GeneratorTests";
				PRODUCT_NAME = "$(TARGET_NAME)";
				SWIFT_EMIT_LOC_STRINGS = NO;
				SWIFT_VERSION = 5.0;
				TEST_HOST = "$(BUILT_PRODUCTS_DIR)/Password Generator.app/$(BUNDLE_EXECUTABLE_FOLDER_PATH)/Password Generator";
			};
			name = Release;
		};
		3FAD7E3929506121004CDBE2 /* Debug */ = {
			isa = XCBuildConfiguration;
			buildSettings = {
				ALWAYS_EMBED_SWIFT_STANDARD_LIBRARIES = YES;
				CODE_SIGN_STYLE = Automatic;
				CURRENT_PROJECT_VERSION = 1;
				DEVELOPMENT_TEAM = 9W9M3JPL7S;
				GENERATE_INFOPLIST_FILE = YES;
				MARKETING_VERSION = 1.0;
				PRODUCT_BUNDLE_IDENTIFIER = "Aamer-Essa.Password-GeneratorUITests";
				PRODUCT_NAME = "$(TARGET_NAME)";
				SWIFT_EMIT_LOC_STRINGS = NO;
				SWIFT_VERSION = 5.0;
				TEST_TARGET_NAME = "Password Generator";
			};
			name = Debug;
		};
		3FAD7E3A29506121004CDBE2 /* Release */ = {
			isa = XCBuildConfiguration;
			buildSettings = {
				ALWAYS_EMBED_SWIFT_STANDARD_LIBRARIES = YES;
				CODE_SIGN_STYLE = Automatic;
				CURRENT_PROJECT_VERSION = 1;
				DEVELOPMENT_TEAM = 9W9M3JPL7S;
				GENERATE_INFOPLIST_FILE = YES;
				MARKETING_VERSION = 1.0;
				PRODUCT_BUNDLE_IDENTIFIER = "Aamer-Essa.Password-GeneratorUITests";
				PRODUCT_NAME = "$(TARGET_NAME)";
				SWIFT_EMIT_LOC_STRINGS = NO;
				SWIFT_VERSION = 5.0;
				TEST_TARGET_NAME = "Password Generator";
			};
			name = Release;
		};
/* End XCBuildConfiguration section */

/* Begin XCConfigurationList section */
		3FAD7E082950611E004CDBE2 /* Build configuration list for PBXProject "Password Generator" */ = {
			isa = XCConfigurationList;
			buildConfigurations = (
				3FAD7E3029506121004CDBE2 /* Debug */,
				3FAD7E3129506121004CDBE2 /* Release */,
			);
			defaultConfigurationIsVisible = 0;
			defaultConfigurationName = Release;
		};
		3FAD7E3229506121004CDBE2 /* Build configuration list for PBXNativeTarget "Password Generator" */ = {
			isa = XCConfigurationList;
			buildConfigurations = (
				3FAD7E3329506121004CDBE2 /* Debug */,
				3FAD7E3429506121004CDBE2 /* Release */,
			);
			defaultConfigurationIsVisible = 0;
			defaultConfigurationName = Release;
		};
		3FAD7E3529506121004CDBE2 /* Build configuration list for PBXNativeTarget "Password GeneratorTests" */ = {
			isa = XCConfigurationList;
			buildConfigurations = (
				3FAD7E3629506121004CDBE2 /* Debug */,
				3FAD7E3729506121004CDBE2 /* Release */,
			);
			defaultConfigurationIsVisible = 0;
			defaultConfigurationName = Release;
		};
		3FAD7E3829506121004CDBE2 /* Build configuration list for PBXNativeTarget "Password GeneratorUITests" */ = {
			isa = XCConfigurationList;
			buildConfigurations = (
				3FAD7E3929506121004CDBE2 /* Debug */,
				3FAD7E3A29506121004CDBE2 /* Release */,
			);
			defaultConfigurationIsVisible = 0;
			defaultConfigurationName = Release;
		};
/* End XCConfigurationList section */
	};
	rootObject = 3FAD7E052950611E004CDBE2 /* Project object */;
}
